PODS:
  - AFNetworking (3.1.0):
    - AFNetworking/NSURLSession (= 3.1.0)
    - AFNetworking/Reachability (= 3.1.0)
    - AFNetworking/Security (= 3.1.0)
    - AFNetworking/Serialization (= 3.1.0)
    - AFNetworking/UIKit (= 3.1.0)
  - AFNetworking/NSURLSession (3.1.0):
    - AFNetworking/Reachability
    - AFNetworking/Security
    - AFNetworking/Serialization
  - AFNetworking/Reachability (3.1.0)
  - AFNetworking/Security (3.1.0)
  - AFNetworking/Serialization (3.1.0)
  - AFNetworking/UIKit (3.1.0):
    - AFNetworking/NSURLSession
  - FLAnimatedImage (1.0.12)
  - Masonry (1.1.0)
  - MJExtension (3.0.13)
  - MJRefresh (3.1.15.1)
  - RongCloudIM/IMKit (2.8.24):
    - RongCloudIM/IMLib
  - RongCloudIM/IMLib (2.8.24)
  - SDWebImage (4.2.2):
    - SDWebImage/Core (= 4.2.2)
  - SDWebImage/Core (4.2.2)
  - SDWebImage/GIF (4.2.2):
    - FLAnimatedImage (~> 1.0)
    - SDWebImage/Core
  - ZLPhotoBrowser (2.6.4):
    - SDWebImage

DEPENDENCIES:
  - AFNetworking
  - Masonry
  - MJExtension
  - MJRefresh
  - RongCloudIM/IMKit
  - RongCloudIM/IMLib
  - SDWebImage
  - SDWebImage/GIF
  - ZLPhotoBrowser

SPEC CHECKSUMS:
  AFNetworking: 5e0e199f73d8626b11e79750991f5d173d1f8b67
  FLAnimatedImage: 4a0b56255d9b05f18b6dd7ee06871be5d3b89e31
  Masonry: 678fab65091a9290e40e2832a55e7ab731aad201
  MJExtension: 5932755f451458eefa24239358817f8d291240c7
  MJRefresh: 5f8552bc25ca8751c010f621c1098dbdaacbccd6
  RongCloudIM: f51b1ff9a289e3bc39da61921d6bdbd896d08c18
  SDWebImage: 89a9d32cd520bbb46eb14e541d5109b3564af198
  ZLPhotoBrowser: 2125e7b7ea328c959a5ead1204c83b3bb0f0bf5a

PODFILE CHECKSUM: 68ad457593d572d51bcba3f55f8e36555690a9d5

COCOAPODS: 1.4.0.beta.2
